
Microsoft Visual Studio Solution File, Format Version 12.00
# Visual Studio Version 16
VisualStudioVersion = 16.0.31005.135
MinimumVisualStudioVersion = 10.0.40219.1
Project("{9A19103F-16F7-4668-BE54-9A1E7A4F7556}") = "FestivalsOverview.DAL", "FestivalsOverview.DAL\FestivalsOverview.DAL.csproj", "{DEBAE154-8F00-4B49-BE39-843621E379CF}"
EndProject
Project("{FAE04EC0-301F-11D3-BF4B-00C04F79EFBC}") = "FestivalsOverview.DAL.Tests", "FestivalsOverview.DAL.Tests\FestivalsOverview.DAL.Tests.csproj", "{6A947A98-F4C8-46D2-8AB2-A4EFB1EE3B45}"
EndProject
Global
	GlobalSection(SolutionConfigurationPlatforms) = preSolution
		Debug|Any CPU = Debug|Any CPU
		Release|Any CPU = Release|Any CPU
	EndGlobalSection
	GlobalSection(ProjectConfigurationPlatforms) = postSolution
		{DEBAE154-8F00-4B49-BE39-843621E379CF}.Debug|Any CPU.ActiveCfg = Debug|Any CPU
		{DEBAE154-8F00-4B49-BE39-843621E379CF}.Debug|Any CPU.Build.0 = Debug|Any CPU
		{DEBAE154-8F00-4B49-BE39-843621E379CF}.Release|Any CPU.ActiveCfg = Release|Any CPU
		{DEBAE154-8F00-4B49-BE39-843621E379CF}.Release|Any CPU.Build.0 = Release|Any CPU
		{6A947A98-F4C8-46D2-8AB2-A4EFB1EE3B45}.Debug|Any CPU.ActiveCfg = Debug|Any CPU
		{6A947A98-F4C8-46D2-8AB2-A4EFB1EE3B45}.Debug|Any CPU.Build.0 = Debug|Any CPU
		{6A947A98-F4C8-46D2-8AB2-A4EFB1EE3B45}.Release|Any CPU.ActiveCfg = Release|Any CPU
		{6A947A98-F4C8-46D2-8AB2-A4EFB1EE3B45}.Release|Any CPU.Build.0 = Release|Any CPU
	EndGlobalSection
	GlobalSection(SolutionProperties) = preSolution
		HideSolutionNode = FALSE
	EndGlobalSection
	GlobalSection(ExtensibilityGlobals) = postSolution
		SolutionGuid = {AFF5E1FE-7ED4-45D0-9497-5DF9C8D8C1D5}
	EndGlobalSection
EndGlobal
