
Microsoft Visual Studio Solution File, Format Version 12.00
# Visual Studio Version 16
VisualStudioVersion = 16.0.31005.135
MinimumVisualStudioVersion = 10.0.40219.1
Project("{FAE04EC0-301F-11D3-BF4B-00C04F79EFBC}") = "App", "App.csproj", "{E3422F79-0765-41D7-B81D-82FFF64DD3DB}"
EndProject
Global
	GlobalSection(SolutionConfigurationPlatforms) = preSolution
		Debug|Any CPU = Debug|Any CPU
		Release|Any CPU = Release|Any CPU
	EndGlobalSection
	GlobalSection(ProjectConfigurationPlatforms) = postSolution
		{E3422F79-0765-41D7-B81D-82FFF64DD3DB}.Debug|Any CPU.ActiveCfg = Debug|Any CPU
		{E3422F79-0765-41D7-B81D-82FFF64DD3DB}.Debug|Any CPU.Build.0 = Debug|Any CPU
		{E3422F79-0765-41D7-B81D-82FFF64DD3DB}.Release|Any CPU.ActiveCfg = Release|Any CPU
		{E3422F79-0765-41D7-B81D-82FFF64DD3DB}.Release|Any CPU.Build.0 = Release|Any CPU
	EndGlobalSection
	GlobalSection(SolutionProperties) = preSolution
		HideSolutionNode = FALSE
	EndGlobalSection
	GlobalSection(ExtensibilityGlobals) = postSolution
		SolutionGuid = {71FA8416-6B0C-403E-8A51-1294042389FB}
	EndGlobalSection
EndGlobal
